
Microsoft Visual Studio Solution File, Format Version 12.00
# Visual Studio Version 16
VisualStudioVersion = 16.0.30804.86
MinimumVisualStudioVersion = 10.0.40219.1
Project("{FAE04EC0-301F-11D3-BF4B-00C04F79EFBC}") = "BookStore.API", "BookStore.API\BookStore.API.csproj", "{1864EF92-C8BC-47DD-8731-455895696484}"
EndProject
Global
	GlobalSection(SolutionConfigurationPlatforms) = preSolution
		Debug|Any CPU = Debug|Any CPU
		Release|Any CPU = Release|Any CPU
	EndGlobalSection
	GlobalSection(ProjectConfigurationPlatforms) = postSolution
		{1864EF92-C8BC-47DD-8731-455895696484}.Debug|Any CPU.ActiveCfg = Debug|Any CPU
		{1864EF92-C8BC-47DD-8731-455895696484}.Debug|Any CPU.Build.0 = Debug|Any CPU
		{1864EF92-C8BC-47DD-8731-455895696484}.Release|Any CPU.ActiveCfg = Release|Any CPU
		{1864EF92-C8BC-47DD-8731-455895696484}.Release|Any CPU.Build.0 = Release|Any CPU
	EndGlobalSection
	GlobalSection(SolutionProperties) = preSolution
		HideSolutionNode = FALSE
	EndGlobalSection
	GlobalSection(ExtensibilityGlobals) = postSolution
		SolutionGuid = {0D7597CC-BB73-447C-AA3B-CF2A44083687}
	EndGlobalSection
EndGlobal
